
Microsoft Visual Studio Solution File, Format Version 12.00
# Visual Studio Version 16
VisualStudioVersion = 16.0.30621.155
MinimumVisualStudioVersion = 10.0.40219.1
Project("{2150E333-8FDC-42A3-9474-1A3956D46DE8}") = "Microservices", "Microservices", "{B78CF87D-9431-4773-B3A3-2646EECF4CC3}"
EndProject
Project("{9A19103F-16F7-4668-BE54-9A1E7A4F7556}") = "Basket.Entities", "Basket.Entities\Basket.Entities.csproj", "{A16322FD-DF2E-4FA6-B4F3-8C864B9EA709}"
EndProject
Project("{9A19103F-16F7-4668-BE54-9A1E7A4F7556}") = "Basket.Dal", "Basket.Dal\Basket.Dal.csproj", "{51E4945F-A402-4DA5-A2D0-6E691EC80816}"
EndProject
Project("{9A19103F-16F7-4668-BE54-9A1E7A4F7556}") = "Basket.Business", "Basket.Business\Basket.Business.csproj", "{AA8DED27-E187-46C8-9273-3393AE14891B}"
EndProject
Project("{9A19103F-16F7-4668-BE54-9A1E7A4F7556}") = "Basket.Api", "Basket.Api\Basket.Api.csproj", "{8319C619-0C8D-46C5-A751-AF55F25C2C26}"
EndProject
Project("{2150E333-8FDC-42A3-9474-1A3956D46DE8}") = "Core", "Core", "{9F1B8619-C97F-443A-9558-CCF3DB3C8E16}"
EndProject
Project("{9A19103F-16F7-4668-BE54-9A1E7A4F7556}") = "Basket.Core", "Basket.Core\Basket.Core.csproj", "{FB557161-F04E-4726-8053-C8D82B1CFD9E}"
EndProject
Project("{FAE04EC0-301F-11D3-BF4B-00C04F79EFBC}") = "Basket.Test", "Basket.Test\Basket.Test.csproj", "{FABFC6BF-20EB-44A3-B09D-DB1378C8F4A7}"
EndProject
Global
	GlobalSection(SolutionConfigurationPlatforms) = preSolution
		Debug|Any CPU = Debug|Any CPU
		Release|Any CPU = Release|Any CPU
	EndGlobalSection
	GlobalSection(ProjectConfigurationPlatforms) = postSolution
		{A16322FD-DF2E-4FA6-B4F3-8C864B9EA709}.Debug|Any CPU.ActiveCfg = Debug|Any CPU
		{A16322FD-DF2E-4FA6-B4F3-8C864B9EA709}.Debug|Any CPU.Build.0 = Debug|Any CPU
		{A16322FD-DF2E-4FA6-B4F3-8C864B9EA709}.Release|Any CPU.ActiveCfg = Release|Any CPU
		{A16322FD-DF2E-4FA6-B4F3-8C864B9EA709}.Release|Any CPU.Build.0 = Release|Any CPU
		{51E4945F-A402-4DA5-A2D0-6E691EC80816}.Debug|Any CPU.ActiveCfg = Debug|Any CPU
		{51E4945F-A402-4DA5-A2D0-6E691EC80816}.Debug|Any CPU.Build.0 = Debug|Any CPU
		{51E4945F-A402-4DA5-A2D0-6E691EC80816}.Release|Any CPU.ActiveCfg = Release|Any CPU
		{51E4945F-A402-4DA5-A2D0-6E691EC80816}.Release|Any CPU.Build.0 = Release|Any CPU
		{AA8DED27-E187-46C8-9273-3393AE14891B}.Debug|Any CPU.ActiveCfg = Debug|Any CPU
		{AA8DED27-E187-46C8-9273-3393AE14891B}.Debug|Any CPU.Build.0 = Debug|Any CPU
		{AA8DED27-E187-46C8-9273-3393AE14891B}.Release|Any CPU.ActiveCfg = Release|Any CPU
		{AA8DED27-E187-46C8-9273-3393AE14891B}.Release|Any CPU.Build.0 = Release|Any CPU
		{8319C619-0C8D-46C5-A751-AF55F25C2C26}.Debug|Any CPU.ActiveCfg = Debug|Any CPU
		{8319C619-0C8D-46C5-A751-AF55F25C2C26}.Debug|Any CPU.Build.0 = Debug|Any CPU
		{8319C619-0C8D-46C5-A751-AF55F25C2C26}.Release|Any CPU.ActiveCfg = Release|Any CPU
		{8319C619-0C8D-46C5-A751-AF55F25C2C26}.Release|Any CPU.Build.0 = Release|Any CPU
		{FB557161-F04E-4726-8053-C8D82B1CFD9E}.Debug|Any CPU.ActiveCfg = Debug|Any CPU
		{FB557161-F04E-4726-8053-C8D82B1CFD9E}.Debug|Any CPU.Build.0 = Debug|Any CPU
		{FB557161-F04E-4726-8053-C8D82B1CFD9E}.Release|Any CPU.ActiveCfg = Release|Any CPU
		{FB557161-F04E-4726-8053-C8D82B1CFD9E}.Release|Any CPU.Build.0 = Release|Any CPU
		{FABFC6BF-20EB-44A3-B09D-DB1378C8F4A7}.Debug|Any CPU.ActiveCfg = Debug|Any CPU
		{FABFC6BF-20EB-44A3-B09D-DB1378C8F4A7}.Debug|Any CPU.Build.0 = Debug|Any CPU
		{FABFC6BF-20EB-44A3-B09D-DB1378C8F4A7}.Release|Any CPU.ActiveCfg = Release|Any CPU
		{FABFC6BF-20EB-44A3-B09D-DB1378C8F4A7}.Release|Any CPU.Build.0 = Release|Any CPU
	EndGlobalSection
	GlobalSection(SolutionProperties) = preSolution
		HideSolutionNode = FALSE
	EndGlobalSection
	GlobalSection(NestedProjects) = preSolution
		{A16322FD-DF2E-4FA6-B4F3-8C864B9EA709} = {B78CF87D-9431-4773-B3A3-2646EECF4CC3}
		{51E4945F-A402-4DA5-A2D0-6E691EC80816} = {B78CF87D-9431-4773-B3A3-2646EECF4CC3}
		{AA8DED27-E187-46C8-9273-3393AE14891B} = {B78CF87D-9431-4773-B3A3-2646EECF4CC3}
		{8319C619-0C8D-46C5-A751-AF55F25C2C26} = {B78CF87D-9431-4773-B3A3-2646EECF4CC3}
		{FB557161-F04E-4726-8053-C8D82B1CFD9E} = {9F1B8619-C97F-443A-9558-CCF3DB3C8E16}
		{FABFC6BF-20EB-44A3-B09D-DB1378C8F4A7} = {B78CF87D-9431-4773-B3A3-2646EECF4CC3}
	EndGlobalSection
	GlobalSection(ExtensibilityGlobals) = postSolution
		SolutionGuid = {BB85EC6B-5BFB-4AEC-95EA-DAE8D19B2026}
	EndGlobalSection
EndGlobal
